
Microsoft Visual Studio Solution File, Format Version 12.00
# Visual Studio Version 17
VisualStudioVersion = 17.10.35122.118
MinimumVisualStudioVersion = 10.0.40219.1
Project("{FAE04EC0-301F-11D3-BF4B-00C04F79EFBC}") = "ifelsecolor", "ifelsecolor\ifelsecolor.csproj", "{167B629F-77BD-45C8-859B-933F49AA6D5D}"
EndProject
Global
	GlobalSection(SolutionConfigurationPlatforms) = preSolution
		Debug|Any CPU = Debug|Any CPU
		Release|Any CPU = Release|Any CPU
	EndGlobalSection
	GlobalSection(ProjectConfigurationPlatforms) = postSolution
		{167B629F-77BD-45C8-859B-933F49AA6D5D}.Debug|Any CPU.ActiveCfg = Debug|Any CPU
		{167B629F-77BD-45C8-859B-933F49AA6D5D}.Debug|Any CPU.Build.0 = Debug|Any CPU
		{167B629F-77BD-45C8-859B-933F49AA6D5D}.Release|Any CPU.ActiveCfg = Release|Any CPU
		{167B629F-77BD-45C8-859B-933F49AA6D5D}.Release|Any CPU.Build.0 = Release|Any CPU
	EndGlobalSection
	GlobalSection(SolutionProperties) = preSolution
		HideSolutionNode = FALSE
	EndGlobalSection
	GlobalSection(ExtensibilityGlobals) = postSolution
		SolutionGuid = {1E284CE7-9AF0-4288-BDFC-9D23364B3C74}
	EndGlobalSection
EndGlobal
